// !$*UTF8*$!
{
	archiveVersion = 1;
	classes = {
	};
	objectVersion = 46;
	objects = {

/* Begin PBXBuildFile section */
		042DC2171E71C2C8002C2C0F /* LaunchScreen.storyboard in Resources */ = {isa = PBXBuildFile; fileRef = 042DC2131E71C2C8002C2C0F /* LaunchScreen.storyboard */; };
		042DC2181E71C2C8002C2C0F /* Main.storyboard in Resources */ = {isa = PBXBuildFile; fileRef = 042DC2151E71C2C8002C2C0F /* Main.storyboard */; };
		042DC2281E71C33E002C2C0F /* AttendanceCell.swift in Sources */ = {isa = PBXBuildFile; fileRef = 042DC21B1E71C33E002C2C0F /* AttendanceCell.swift */; };
		042DC2291E71C33E002C2C0F /* AttendanceReportCell.swift in Sources */ = {isa = PBXBuildFile; fileRef = 042DC21C1E71C33E002C2C0F /* AttendanceReportCell.swift */; };
		042DC22A1E71C33E002C2C0F /* HomeActivityCell.swift in Sources */ = {isa = PBXBuildFile; fileRef = 042DC21D1E71C33E002C2C0F /* HomeActivityCell.swift */; };
		042DC22B1E71C33E002C2C0F /* HomeMenuCell.swift in Sources */ = {isa = PBXBuildFile; fileRef = 042DC21E1E71C33E002C2C0F /* HomeMenuCell.swift */; };
		042DC22C1E71C33E002C2C0F /* HomeMessageCell.swift in Sources */ = {isa = PBXBuildFile; fileRef = 042DC21F1E71C33E002C2C0F /* HomeMessageCell.swift */; };
		042DC22D1E71C33E002C2C0F /* MyChildrensListCell.swift in Sources */ = {isa = PBXBuildFile; fileRef = 042DC2201E71C33E002C2C0F /* MyChildrensListCell.swift */; };
		042DC22E1E71C33E002C2C0F /* Constants.swift in Sources */ = {isa = PBXBuildFile; fileRef = 042DC2221E71C33E002C2C0F /* Constants.swift */; };
		042DC22F1E71C33E002C2C0F /* SharedData.swift in Sources */ = {isa = PBXBuildFile; fileRef = 042DC2231E71C33E002C2C0F /* SharedData.swift */; };
		042DC2301E71C33E002C2C0F /* WallMenu.swift in Sources */ = {isa = PBXBuildFile; fileRef = 042DC2251E71C33E002C2C0F /* WallMenu.swift */; };
		042DC2311E71C33E002C2C0F /* WallMenu.xib in Resources */ = {isa = PBXBuildFile; fileRef = 042DC2261E71C33E002C2C0F /* WallMenu.xib */; };
		042DC2321E71C33E002C2C0F /* WallMenuCell.xib in Resources */ = {isa = PBXBuildFile; fileRef = 042DC2271E71C33E002C2C0F /* WallMenuCell.xib */; };
		042DC2351E71C359002C2C0F /* APIManager.swift in Sources */ = {isa = PBXBuildFile; fileRef = 042DC2341E71C359002C2C0F /* APIManager.swift */; };
		042DC2421E71C387002C2C0F /* EnAd.swift in Sources */ = {isa = PBXBuildFile; fileRef = 042DC2371E71C387002C2C0F /* EnAd.swift */; };
		042DC2431E71C387002C2C0F /* EnAddress.swift in Sources */ = {isa = PBXBuildFile; fileRef = 042DC2381E71C387002C2C0F /* EnAddress.swift */; };
		042DC2441E71C387002C2C0F /* EnEvent.swift in Sources */ = {isa = PBXBuildFile; fileRef = 042DC2391E71C387002C2C0F /* EnEvent.swift */; };
		042DC2451E71C387002C2C0F /* ENFee.swift in Sources */ = {isa = PBXBuildFile; fileRef = 042DC23A1E71C387002C2C0F /* ENFee.swift */; };
		042DC2461E71C387002C2C0F /* EnHomeData.swift in Sources */ = {isa = PBXBuildFile; fileRef = 042DC23B1E71C387002C2C0F /* EnHomeData.swift */; };
		042DC2471E71C387002C2C0F /* ENmark.swift in Sources */ = {isa = PBXBuildFile; fileRef = 042DC23C1E71C387002C2C0F /* ENmark.swift */; };
		042DC2481E71C387002C2C0F /* EnParentInfo.swift in Sources */ = {isa = PBXBuildFile; fileRef = 042DC23D1E71C387002C2C0F /* EnParentInfo.swift */; };
		042DC2491E71C387002C2C0F /* EnSchoolInfo.swift in Sources */ = {isa = PBXBuildFile; fileRef = 042DC23E1E71C387002C2C0F /* EnSchoolInfo.swift */; };
		042DC24A1E71C387002C2C0F /* EnStudentInfo.swift in Sources */ = {isa = PBXBuildFile; fileRef = 042DC23F1E71C387002C2C0F /* EnStudentInfo.swift */; };
		042DC24B1E71C387002C2C0F /* EnTeacherInfo.swift in Sources */ = {isa = PBXBuildFile; fileRef = 042DC2401E71C387002C2C0F /* EnTeacherInfo.swift */; };
		042DC24C1E71C387002C2C0F /* EntityBase.swift in Sources */ = {isa = PBXBuildFile; fileRef = 042DC2411E71C387002C2C0F /* EntityBase.swift */; };
		042DC24E1E71CF46002C2C0F /* SoapParameters.swift in Sources */ = {isa = PBXBuildFile; fileRef = 042DC24D1E71CF46002C2C0F /* SoapParameters.swift */; };
		04BAA61C1E65EF0A005BEC52 /* AttendanceReportController.swift in Sources */ = {isa = PBXBuildFile; fileRef = 04BAA61B1E65EF0A005BEC52 /* AttendanceReportController.swift */; };
		04C9689B1E59AAEF0071F774 /* AppDelegate.swift in Sources */ = {isa = PBXBuildFile; fileRef = 04C9689A1E59AAEF0071F774 /* AppDelegate.swift */; };
		04C968A21E59AAEF0071F774 /* Assets.xcassets in Resources */ = {isa = PBXBuildFile; fileRef = 04C968A11E59AAEF0071F774 /* Assets.xcassets */; };
		04C968B11E59C5600071F774 /* HomeController.swift in Sources */ = {isa = PBXBuildFile; fileRef = 04C968B01E59C5600071F774 /* HomeController.swift */; };
		04C968B41E59C58F0071F774 /* RegisterController.swift in Sources */ = {isa = PBXBuildFile; fileRef = 04C968B31E59C58F0071F774 /* RegisterController.swift */; };
		04D359B61E74069C00DB6206 /* APIServices.swift in Sources */ = {isa = PBXBuildFile; fileRef = 04D359B51E74069C00DB6206 /* APIServices.swift */; };
		04ECAD551E5B566700F55A13 /* BaseController.swift in Sources */ = {isa = PBXBuildFile; fileRef = 04ECAD541E5B566700F55A13 /* BaseController.swift */; };
		04ECAD571E5B577600F55A13 /* LoginController.swift in Sources */ = {isa = PBXBuildFile; fileRef = 04ECAD561E5B577600F55A13 /* LoginController.swift */; };
		04EE55841E67423E00766515 /* MyChildrensController.swift in Sources */ = {isa = PBXBuildFile; fileRef = 04EE55831E67423E00766515 /* MyChildrensController.swift */; };
		04EE55861E67431900766515 /* MyChildrenListController.swift in Sources */ = {isa = PBXBuildFile; fileRef = 04EE55851E67431900766515 /* MyChildrenListController.swift */; };
		04F025721E61DEE300E466A9 /* MyAttendanceController.swift in Sources */ = {isa = PBXBuildFile; fileRef = 04F025711E61DEE300E466A9 /* MyAttendanceController.swift */; };
		FB5EF4B2AF10C12A784FC839 /* Pods_SchoolApp.framework in Frameworks */ = {isa = PBXBuildFile; fileRef = 89554A6342752B37A52F8EAD /* Pods_SchoolApp.framework */; };
/* End PBXBuildFile section */

/* Begin PBXFileReference section */
		042DC2141E71C2C8002C2C0F /* Base */ = {isa = PBXFileReference; lastKnownFileType = file.storyboard; name = Base; path = Base.lproj/LaunchScreen.storyboard; sourceTree = "<group>"; };
		042DC2161E71C2C8002C2C0F /* Base */ = {isa = PBXFileReference; lastKnownFileType = file.storyboard; name = Base; path = Base.lproj/Main.storyboard; sourceTree = "<group>"; };
		042DC21B1E71C33E002C2C0F /* AttendanceCell.swift */ = {isa = PBXFileReference; fileEncoding = 4; lastKnownFileType = sourcecode.swift; path = AttendanceCell.swift; sourceTree = "<group>"; };
		042DC21C1E71C33E002C2C0F /* AttendanceReportCell.swift */ = {isa = PBXFileReference; fileEncoding = 4; lastKnownFileType = sourcecode.swift; path = AttendanceReportCell.swift; sourceTree = "<group>"; };
		042DC21D1E71C33E002C2C0F /* HomeActivityCell.swift */ = {isa = PBXFileReference; fileEncoding = 4; lastKnownFileType = sourcecode.swift; path = HomeActivityCell.swift; sourceTree = "<group>"; };
		042DC21E1E71C33E002C2C0F /* HomeMenuCell.swift */ = {isa = PBXFileReference; fileEncoding = 4; lastKnownFileType = sourcecode.swift; path = HomeMenuCell.swift; sourceTree = "<group>"; };
		042DC21F1E71C33E002C2C0F /* HomeMessageCell.swift */ = {isa = PBXFileReference; fileEncoding = 4; lastKnownFileType = sourcecode.swift; path = HomeMessageCell.swift; sourceTree = "<group>"; };
		042DC2201E71C33E002C2C0F /* MyChildrensListCell.swift */ = {isa = PBXFileReference; fileEncoding = 4; lastKnownFileType = sourcecode.swift; path = MyChildrensListCell.swift; sourceTree = "<group>"; };
		042DC2221E71C33E002C2C0F /* Constants.swift */ = {isa = PBXFileReference; fileEncoding = 4; lastKnownFileType = sourcecode.swift; path = Constants.swift; sourceTree = "<group>"; };
		042DC2231E71C33E002C2C0F /* SharedData.swift */ = {isa = PBXFileReference; fileEncoding = 4; lastKnownFileType = sourcecode.swift; path = SharedData.swift; sourceTree = "<group>"; };
		042DC2251E71C33E002C2C0F /* WallMenu.swift */ = {isa = PBXFileReference; fileEncoding = 4; lastKnownFileType = sourcecode.swift; path = WallMenu.swift; sourceTree = "<group>"; };
		042DC2261E71C33E002C2C0F /* WallMenu.xib */ = {isa = PBXFileReference; fileEncoding = 4; lastKnownFileType = file.xib; path = WallMenu.xib; sourceTree = "<group>"; };
		042DC2271E71C33E002C2C0F /* WallMenuCell.xib */ = {isa = PBXFileReference; fileEncoding = 4; lastKnownFileType = file.xib; path = WallMenuCell.xib; sourceTree = "<group>"; };
		042DC2341E71C359002C2C0F /* APIManager.swift */ = {isa = PBXFileReference; fileEncoding = 4; lastKnownFileType = sourcecode.swift; path = APIManager.swift; sourceTree = "<group>"; };
		042DC2371E71C387002C2C0F /* EnAd.swift */ = {isa = PBXFileReference; fileEncoding = 4; lastKnownFileType = sourcecode.swift; path = EnAd.swift; sourceTree = "<group>"; };
		042DC2381E71C387002C2C0F /* EnAddress.swift */ = {isa = PBXFileReference; fileEncoding = 4; lastKnownFileType = sourcecode.swift; path = EnAddress.swift; sourceTree = "<group>"; };
		042DC2391E71C387002C2C0F /* EnEvent.swift */ = {isa = PBXFileReference; fileEncoding = 4; lastKnownFileType = sourcecode.swift; path = EnEvent.swift; sourceTree = "<group>"; };
		042DC23A1E71C387002C2C0F /* ENFee.swift */ = {isa = PBXFileReference; fileEncoding = 4; lastKnownFileType = sourcecode.swift; path = ENFee.swift; sourceTree = "<group>"; };
		042DC23B1E71C387002C2C0F /* EnHomeData.swift */ = {isa = PBXFileReference; fileEncoding = 4; lastKnownFileType = sourcecode.swift; path = EnHomeData.swift; sourceTree = "<group>"; };
		042DC23C1E71C387002C2C0F /* ENmark.swift */ = {isa = PBXFileReference; fileEncoding = 4; lastKnownFileType = sourcecode.swift; path = ENmark.swift; sourceTree = "<group>"; };
		042DC23D1E71C387002C2C0F /* EnParentInfo.swift */ = {isa = PBXFileReference; fileEncoding = 4; lastKnownFileType = sourcecode.swift; path = EnParentInfo.swift; sourceTree = "<group>"; };
		042DC23E1E71C387002C2C0F /* EnSchoolInfo.swift */ = {isa = PBXFileReference; fileEncoding = 4; lastKnownFileType = sourcecode.swift; path = EnSchoolInfo.swift; sourceTree = "<group>"; };
		042DC23F1E71C387002C2C0F /* EnStudentInfo.swift */ = {isa = PBXFileReference; fileEncoding = 4; lastKnownFileType = sourcecode.swift; path = EnStudentInfo.swift; sourceTree = "<group>"; };
		042DC2401E71C387002C2C0F /* EnTeacherInfo.swift */ = {isa = PBXFileReference; fileEncoding = 4; lastKnownFileType = sourcecode.swift; path = EnTeacherInfo.swift; sourceTree = "<group>"; };
		042DC2411E71C387002C2C0F /* EntityBase.swift */ = {isa = PBXFileReference; fileEncoding = 4; lastKnownFileType = sourcecode.swift; path = EntityBase.swift; sourceTree = "<group>"; };
		042DC24D1E71CF46002C2C0F /* SoapParameters.swift */ = {isa = PBXFileReference; fileEncoding = 4; lastKnownFileType = sourcecode.swift; path = SoapParameters.swift; sourceTree = "<group>"; };
		04BAA61B1E65EF0A005BEC52 /* AttendanceReportController.swift */ = {isa = PBXFileReference; fileEncoding = 4; lastKnownFileType = sourcecode.swift; path = AttendanceReportController.swift; sourceTree = "<group>"; };
		04C968971E59AAEF0071F774 /* SchoolApp.app */ = {isa = PBXFileReference; explicitFileType = wrapper.application; includeInIndex = 0; path = SchoolApp.app; sourceTree = BUILT_PRODUCTS_DIR; };
		04C9689A1E59AAEF0071F774 /* AppDelegate.swift */ = {isa = PBXFileReference; lastKnownFileType = sourcecode.swift; path = AppDelegate.swift; sourceTree = "<group>"; };
		04C968A11E59AAEF0071F774 /* Assets.xcassets */ = {isa = PBXFileReference; lastKnownFileType = folder.assetcatalog; path = Assets.xcassets; sourceTree = "<group>"; };
		04C968A61E59AAEF0071F774 /* Info.plist */ = {isa = PBXFileReference; lastKnownFileType = text.plist.xml; path = Info.plist; sourceTree = "<group>"; };
		04C968B01E59C5600071F774 /* HomeController.swift */ = {isa = PBXFileReference; fileEncoding = 4; lastKnownFileType = sourcecode.swift; path = HomeController.swift; sourceTree = "<group>"; };
		04C968B31E59C58F0071F774 /* RegisterController.swift */ = {isa = PBXFileReference; fileEncoding = 4; lastKnownFileType = sourcecode.swift; path = RegisterController.swift; sourceTree = "<group>"; };
		04D359B51E74069C00DB6206 /* APIServices.swift */ = {isa = PBXFileReference; fileEncoding = 4; lastKnownFileType = sourcecode.swift; path = APIServices.swift; sourceTree = "<group>"; };
		04ECAD541E5B566700F55A13 /* BaseController.swift */ = {isa = PBXFileReference; fileEncoding = 4; lastKnownFileType = sourcecode.swift; path = BaseController.swift; sourceTree = "<group>"; };
		04ECAD561E5B577600F55A13 /* LoginController.swift */ = {isa = PBXFileReference; fileEncoding = 4; lastKnownFileType = sourcecode.swift; path = LoginController.swift; sourceTree = "<group>"; };
		04EE55831E67423E00766515 /* MyChildrensController.swift */ = {isa = PBXFileReference; fileEncoding = 4; lastKnownFileType = sourcecode.swift; path = MyChildrensController.swift; sourceTree = "<group>"; };
		04EE55851E67431900766515 /* MyChildrenListController.swift */ = {isa = PBXFileReference; fileEncoding = 4; lastKnownFileType = sourcecode.swift; path = MyChildrenListController.swift; sourceTree = "<group>"; };
		04F025711E61DEE300E466A9 /* MyAttendanceController.swift */ = {isa = PBXFileReference; fileEncoding = 4; lastKnownFileType = sourcecode.swift; path = MyAttendanceController.swift; sourceTree = "<group>"; };
		85C37AB12F49347DB12B4662 /* Pods-SchoolApp.release.xcconfig */ = {isa = PBXFileReference; includeInIndex = 1; lastKnownFileType = text.xcconfig; name = "Pods-SchoolApp.release.xcconfig"; path = "Pods/Target Support Files/Pods-SchoolApp/Pods-SchoolApp.release.xcconfig"; sourceTree = "<group>"; };
		89554A6342752B37A52F8EAD /* Pods_SchoolApp.framework */ = {isa = PBXFileReference; explicitFileType = wrapper.framework; includeInIndex = 0; path = Pods_SchoolApp.framework; sourceTree = BUILT_PRODUCTS_DIR; };
		A7592446119C193AD7D7BF1C /* Pods-SchoolApp.debug.xcconfig */ = {isa = PBXFileReference; includeInIndex = 1; lastKnownFileType = text.xcconfig; name = "Pods-SchoolApp.debug.xcconfig"; path = "Pods/Target Support Files/Pods-SchoolApp/Pods-SchoolApp.debug.xcconfig"; sourceTree = "<group>"; };
/* End PBXFileReference section */

/* Begin PBXFrameworksBuildPhase section */
		04C968941E59AAEF0071F774 /* Frameworks */ = {
			isa = PBXFrameworksBuildPhase;
			buildActionMask = 2147483647;
			files = (
				FB5EF4B2AF10C12A784FC839 /* Pods_SchoolApp.framework in Frameworks */,
			);
			runOnlyForDeploymentPostprocessing = 0;
		};
/* End PBXFrameworksBuildPhase section */

/* Begin PBXGroup section */
		042DC2121E71C2C8002C2C0F /* View */ = {
			isa = PBXGroup;
			children = (
				042DC2131E71C2C8002C2C0F /* LaunchScreen.storyboard */,
				042DC2151E71C2C8002C2C0F /* Main.storyboard */,
			);
			path = View;
			sourceTree = "<group>";
		};
		042DC2191E71C30F002C2C0F /* ViewControllers */ = {
			isa = PBXGroup;
			children = (
				04EE55821E6741DE00766515 /* My Childrens */,
				04F025701E61DEC500E466A9 /* MyAttendance */,
				04ECAD541E5B566700F55A13 /* BaseController.swift */,
				04C968AF1E59C5490071F774 /* Home */,
				04C968AE1E59C5410071F774 /* Login */,
				04C968B21E59C57E0071F774 /* Register */,
			);
			name = ViewControllers;
			sourceTree = "<group>";
		};
		042DC21A1E71C33E002C2C0F /* ListCells */ = {
			isa = PBXGroup;
			children = (
				042DC21B1E71C33E002C2C0F /* AttendanceCell.swift */,
				042DC21C1E71C33E002C2C0F /* AttendanceReportCell.swift */,
				042DC21D1E71C33E002C2C0F /* HomeActivityCell.swift */,
				042DC21E1E71C33E002C2C0F /* HomeMenuCell.swift */,
				042DC21F1E71C33E002C2C0F /* HomeMessageCell.swift */,
				042DC2201E71C33E002C2C0F /* MyChildrensListCell.swift */,
			);
			path = ListCells;
			sourceTree = "<group>";
		};
		042DC2211E71C33E002C2C0F /* Helpers */ = {
			isa = PBXGroup;
			children = (
				042DC2221E71C33E002C2C0F /* Constants.swift */,
				042DC2231E71C33E002C2C0F /* SharedData.swift */,
				042DC2241E71C33E002C2C0F /* WallMenu */,
			);
			path = Helpers;
			sourceTree = "<group>";
		};
		042DC2241E71C33E002C2C0F /* WallMenu */ = {
			isa = PBXGroup;
			children = (
				042DC2251E71C33E002C2C0F /* WallMenu.swift */,
				042DC2261E71C33E002C2C0F /* WallMenu.xib */,
				042DC2271E71C33E002C2C0F /* WallMenuCell.xib */,
			);
			path = WallMenu;
			sourceTree = "<group>";
		};
		042DC2331E71C359002C2C0F /* Network */ = {
			isa = PBXGroup;
			children = (
				042DC2341E71C359002C2C0F /* APIManager.swift */,
				042DC24D1E71CF46002C2C0F /* SoapParameters.swift */,
			);
			path = Network;
			sourceTree = "<group>";
		};
		042DC2361E71C387002C2C0F /* DataEntities */ = {
			isa = PBXGroup;
			children = (
				042DC2371E71C387002C2C0F /* EnAd.swift */,
				042DC2381E71C387002C2C0F /* EnAddress.swift */,
				042DC2391E71C387002C2C0F /* EnEvent.swift */,
				042DC23A1E71C387002C2C0F /* ENFee.swift */,
				042DC23B1E71C387002C2C0F /* EnHomeData.swift */,
				042DC23C1E71C387002C2C0F /* ENmark.swift */,
				042DC23D1E71C387002C2C0F /* EnParentInfo.swift */,
				042DC23E1E71C387002C2C0F /* EnSchoolInfo.swift */,
				042DC23F1E71C387002C2C0F /* EnStudentInfo.swift */,
				042DC2401E71C387002C2C0F /* EnTeacherInfo.swift */,
				042DC2411E71C387002C2C0F /* EntityBase.swift */,
			);
			path = DataEntities;
			sourceTree = "<group>";
		};
		04C9688E1E59AAEF0071F774 = {
			isa = PBXGroup;
			children = (
				04C968991E59AAEF0071F774 /* SchoolApp */,
				04C968981E59AAEF0071F774 /* Products */,
				99C155A47A6528704B21F039 /* Pods */,
				83F31D0F540B0F7E19BCBE11 /* Frameworks */,
			);
			sourceTree = "<group>";
		};
		04C968981E59AAEF0071F774 /* Products */ = {
			isa = PBXGroup;
			children = (
				04C968971E59AAEF0071F774 /* SchoolApp.app */,
			);
			name = Products;
			sourceTree = "<group>";
		};
		04C968991E59AAEF0071F774 /* SchoolApp */ = {
			isa = PBXGroup;
			children = (
				042DC2121E71C2C8002C2C0F /* View */,
				04ECABC91E6AC1F300CABBB6 /* Model */,
				04C968AD1E59C5230071F774 /* Controllers */,
				04C9689A1E59AAEF0071F774 /* AppDelegate.swift */,
				04C968A11E59AAEF0071F774 /* Assets.xcassets */,
				04C968A61E59AAEF0071F774 /* Info.plist */,
			);
			path = SchoolApp;
			sourceTree = "<group>";
		};
		04C968AD1E59C5230071F774 /* Controllers */ = {
			isa = PBXGroup;
			children = (
				042DC21A1E71C33E002C2C0F /* ListCells */,
				042DC2211E71C33E002C2C0F /* Helpers */,
				042DC2191E71C30F002C2C0F /* ViewControllers */,
			);
			path = Controllers;
			sourceTree = "<group>";
		};
		04C968AE1E59C5410071F774 /* Login */ = {
			isa = PBXGroup;
			children = (
				04ECAD561E5B577600F55A13 /* LoginController.swift */,
			);
			name = Login;
			sourceTree = "<group>";
		};
		04C968AF1E59C5490071F774 /* Home */ = {
			isa = PBXGroup;
			children = (
				04C968B01E59C5600071F774 /* HomeController.swift */,
			);
			name = Home;
			sourceTree = "<group>";
		};
		04C968B21E59C57E0071F774 /* Register */ = {
			isa = PBXGroup;
			children = (
				04C968B31E59C58F0071F774 /* RegisterController.swift */,
			);
			name = Register;
			sourceTree = "<group>";
		};
		04D359B41E7405F100DB6206 /* Services */ = {
			isa = PBXGroup;
			children = (
				04D359B51E74069C00DB6206 /* APIServices.swift */,
			);
			path = Services;
			sourceTree = "<group>";
		};
		04ECABC91E6AC1F300CABBB6 /* Model */ = {
			isa = PBXGroup;
			children = (
				04D359B41E7405F100DB6206 /* Services */,
				042DC2361E71C387002C2C0F /* DataEntities */,
				042DC2331E71C359002C2C0F /* Network */,
			);
			path = Model;
			sourceTree = "<group>";
		};
		04EE55821E6741DE00766515 /* My Childrens */ = {
			isa = PBXGroup;
			children = (
				04EE55831E67423E00766515 /* MyChildrensController.swift */,
				04EE55851E67431900766515 /* MyChildrenListController.swift */,
			);
			name = "My Childrens";
			sourceTree = "<group>";
		};
		04F025701E61DEC500E466A9 /* MyAttendance */ = {
			isa = PBXGroup;
			children = (
				04F025711E61DEE300E466A9 /* MyAttendanceController.swift */,
				04BAA61B1E65EF0A005BEC52 /* AttendanceReportController.swift */,
			);
			name = MyAttendance;
			sourceTree = "<group>";
		};
		83F31D0F540B0F7E19BCBE11 /* Frameworks */ = {
			isa = PBXGroup;
			children = (
				89554A6342752B37A52F8EAD /* Pods_SchoolApp.framework */,
			);
			name = Frameworks;
			sourceTree = "<group>";
		};
		99C155A47A6528704B21F039 /* Pods */ = {
			isa = PBXGroup;
			children = (
				A7592446119C193AD7D7BF1C /* Pods-SchoolApp.debug.xcconfig */,
				85C37AB12F49347DB12B4662 /* Pods-SchoolApp.release.xcconfig */,
			);
			name = Pods;
			sourceTree = "<group>";
		};
/* End PBXGroup section */

/* Begin PBXNativeTarget section */
		04C968961E59AAEF0071F774 /* SchoolApp */ = {
			isa = PBXNativeTarget;
			buildConfigurationList = 04C968A91E59AAEF0071F774 /* Build configuration list for PBXNativeTarget "SchoolApp" */;
			buildPhases = (
				57882C657F175CD1B6460FC2 /* 📦 Check Pods Manifest.lock */,
				04C968931E59AAEF0071F774 /* Sources */,
				04C968941E59AAEF0071F774 /* Frameworks */,
				04C968951E59AAEF0071F774 /* Resources */,
				DD41164BE86C9A05D81F87E9 /* 📦 Embed Pods Frameworks */,
				D5D0B3799B65D92DD6732CF6 /* 📦 Copy Pods Resources */,
			);
			buildRules = (
			);
			dependencies = (
			);
			name = SchoolApp;
			productName = SchoolApp;
			productReference = 04C968971E59AAEF0071F774 /* SchoolApp.app */;
			productType = "com.apple.product-type.application";
		};
/* End PBXNativeTarget section */

/* Begin PBXProject section */
		04C9688F1E59AAEF0071F774 /* Project object */ = {
			isa = PBXProject;
			attributes = {
				LastSwiftUpdateCheck = 0820;
				LastUpgradeCheck = 0820;
				ORGANIZATIONNAME = "AITS Inc";
				TargetAttributes = {
					04C968961E59AAEF0071F774 = {
						CreatedOnToolsVersion = 8.2.1;
						DevelopmentTeam = 6Q5SR5EC28;
						ProvisioningStyle = Automatic;
					};
				};
			};
			buildConfigurationList = 04C968921E59AAEF0071F774 /* Build configuration list for PBXProject "SchoolApp" */;
			compatibilityVersion = "Xcode 3.2";
			developmentRegion = English;
			hasScannedForEncodings = 0;
			knownRegions = (
				en,
				Base,
			);
			mainGroup = 04C9688E1E59AAEF0071F774;
			productRefGroup = 04C968981E59AAEF0071F774 /* Products */;
			projectDirPath = "";
			projectRoot = "";
			targets = (
				04C968961E59AAEF0071F774 /* SchoolApp */,
			);
		};
/* End PBXProject section */

/* Begin PBXResourcesBuildPhase section */
		04C968951E59AAEF0071F774 /* Resources */ = {
			isa = PBXResourcesBuildPhase;
			buildActionMask = 2147483647;
			files = (
				042DC2321E71C33E002C2C0F /* WallMenuCell.xib in Resources */,
				04C968A21E59AAEF0071F774 /* Assets.xcassets in Resources */,
				042DC2181E71C2C8002C2C0F /* Main.storyboard in Resources */,
				042DC2171E71C2C8002C2C0F /* LaunchScreen.storyboard in Resources */,
				042DC2311E71C33E002C2C0F /* WallMenu.xib in Resources */,
			);
			runOnlyForDeploymentPostprocessing = 0;
		};
/* End PBXResourcesBuildPhase section */

/* Begin PBXShellScriptBuildPhase section */
		57882C657F175CD1B6460FC2 /* 📦 Check Pods Manifest.lock */ = {
			isa = PBXShellScriptBuildPhase;
			buildActionMask = 2147483647;
			files = (
			);
			inputPaths = (
			);
			name = "📦 Check Pods Manifest.lock";
			outputPaths = (
			);
			runOnlyForDeploymentPostprocessing = 0;
			shellPath = /bin/sh;
			shellScript = "diff \"${PODS_ROOT}/../Podfile.lock\" \"${PODS_ROOT}/Manifest.lock\" > /dev/null\nif [[ $? != 0 ]] ; then\n    cat << EOM\nerror: The sandbox is not in sync with the Podfile.lock. Run 'pod install' or update your CocoaPods installation.\nEOM\n    exit 1\nfi\n";
			showEnvVarsInLog = 0;
		};
		D5D0B3799B65D92DD6732CF6 /* 📦 Copy Pods Resources */ = {
			isa = PBXShellScriptBuildPhase;
			buildActionMask = 2147483647;
			files = (
			);
			inputPaths = (
			);
			name = "📦 Copy Pods Resources";
			outputPaths = (
			);
			runOnlyForDeploymentPostprocessing = 0;
			shellPath = /bin/sh;
			shellScript = "\"${SRCROOT}/Pods/Target Support Files/Pods-SchoolApp/Pods-SchoolApp-resources.sh\"\n";
			showEnvVarsInLog = 0;
		};
		DD41164BE86C9A05D81F87E9 /* 📦 Embed Pods Frameworks */ = {
			isa = PBXShellScriptBuildPhase;
			buildActionMask = 2147483647;
			files = (
			);
			inputPaths = (
			);
			name = "📦 Embed Pods Frameworks";
			outputPaths = (
			);
			runOnlyForDeploymentPostprocessing = 0;
			shellPath = /bin/sh;
			shellScript = "\"${SRCROOT}/Pods/Target Support Files/Pods-SchoolApp/Pods-SchoolApp-frameworks.sh\"\n";
			showEnvVarsInLog = 0;
		};
/* End PBXShellScriptBuildPhase section */

/* Begin PBXSourcesBuildPhase section */
		04C968931E59AAEF0071F774 /* Sources */ = {
			isa = PBXSourcesBuildPhase;
			buildActionMask = 2147483647;
			files = (
				04C9689B1E59AAEF0071F774 /* AppDelegate.swift in Sources */,
				042DC2291E71C33E002C2C0F /* AttendanceReportCell.swift in Sources */,
				04EE55861E67431900766515 /* MyChildrenListController.swift in Sources */,
				04ECAD551E5B566700F55A13 /* BaseController.swift in Sources */,
				042DC22A1E71C33E002C2C0F /* HomeActivityCell.swift in Sources */,
				042DC2451E71C387002C2C0F /* ENFee.swift in Sources */,
				042DC2301E71C33E002C2C0F /* WallMenu.swift in Sources */,
				04BAA61C1E65EF0A005BEC52 /* AttendanceReportController.swift in Sources */,
				04C968B41E59C58F0071F774 /* RegisterController.swift in Sources */,
				042DC22E1E71C33E002C2C0F /* Constants.swift in Sources */,
				04D359B61E74069C00DB6206 /* APIServices.swift in Sources */,
				042DC2351E71C359002C2C0F /* APIManager.swift in Sources */,
				04F025721E61DEE300E466A9 /* MyAttendanceController.swift in Sources */,
				042DC22C1E71C33E002C2C0F /* HomeMessageCell.swift in Sources */,
				04C968B11E59C5600071F774 /* HomeController.swift in Sources */,
				042DC2481E71C387002C2C0F /* EnParentInfo.swift in Sources */,
				042DC2441E71C387002C2C0F /* EnEvent.swift in Sources */,
				042DC24B1E71C387002C2C0F /* EnTeacherInfo.swift in Sources */,
				04EE55841E67423E00766515 /* MyChildrensController.swift in Sources */,
				042DC22B1E71C33E002C2C0F /* HomeMenuCell.swift in Sources */,
				042DC2461E71C387002C2C0F /* EnHomeData.swift in Sources */,
				042DC2281E71C33E002C2C0F /* AttendanceCell.swift in Sources */,
				042DC22D1E71C33E002C2C0F /* MyChildrensListCell.swift in Sources */,
				042DC2421E71C387002C2C0F /* EnAd.swift in Sources */,
				042DC24E1E71CF46002C2C0F /* SoapParameters.swift in Sources */,
				042DC2431E71C387002C2C0F /* EnAddress.swift in Sources */,
				042DC2471E71C387002C2C0F /* ENmark.swift in Sources */,
				042DC24C1E71C387002C2C0F /* EntityBase.swift in Sources */,
				042DC24A1E71C387002C2C0F /* EnStudentInfo.swift in Sources */,
				042DC22F1E71C33E002C2C0F /* SharedData.swift in Sources */,
				04ECAD571E5B577600F55A13 /* LoginController.swift in Sources */,
				042DC2491E71C387002C2C0F /* EnSchoolInfo.swift in Sources */,
			);
			runOnlyForDeploymentPostprocessing = 0;
		};
/* End PBXSourcesBuildPhase section */

/* Begin PBXVariantGroup section */
		042DC2131E71C2C8002C2C0F /* LaunchScreen.storyboard */ = {
			isa = PBXVariantGroup;
			children = (
				042DC2141E71C2C8002C2C0F /* Base */,
			);
			name = LaunchScreen.storyboard;
			sourceTree = "<group>";
		};
		042DC2151E71C2C8002C2C0F /* Main.storyboard */ = {
			isa = PBXVariantGroup;
			children = (
				042DC2161E71C2C8002C2C0F /* Base */,
			);
			name = Main.storyboard;
			sourceTree = "<group>";
		};
/* End PBXVariantGroup section */

/* Begin XCBuildConfiguration section */
		04C968A71E59AAEF0071F774 /* Debug */ = {
			isa = XCBuildConfiguration;
			buildSettings = {
				ALWAYS_SEARCH_USER_PATHS = NO;
				CLANG_ANALYZER_NONNULL = YES;
				CLANG_CXX_LANGUAGE_STANDARD = "gnu++0x";
				CLANG_CXX_LIBRARY = "libc++";
				CLANG_ENABLE_MODULES = YES;
				CLANG_ENABLE_OBJC_ARC = YES;
				CLANG_WARN_BOOL_CONVERSION = YES;
				CLANG_WARN_CONSTANT_CONVERSION = YES;
				CLANG_WARN_DIRECT_OBJC_ISA_USAGE = YES_ERROR;
				CLANG_WARN_DOCUMENTATION_COMMENTS = YES;
				CLANG_WARN_EMPTY_BODY = YES;
				CLANG_WARN_ENUM_CONVERSION = YES;
				CLANG_WARN_INFINITE_RECURSION = YES;
				CLANG_WARN_INT_CONVERSION = YES;
				CLANG_WARN_OBJC_ROOT_CLASS = YES_ERROR;
				CLANG_WARN_SUSPICIOUS_MOVE = YES;
				CLANG_WARN_UNREACHABLE_CODE = YES;
				CLANG_WARN__DUPLICATE_METHOD_MATCH = YES;
				"CODE_SIGN_IDENTITY[sdk=iphoneos*]" = "iPhone Developer";
				COPY_PHASE_STRIP = NO;
				DEBUG_INFORMATION_FORMAT = dwarf;
				ENABLE_STRICT_OBJC_MSGSEND = YES;
				ENABLE_TESTABILITY = YES;
				GCC_C_LANGUAGE_STANDARD = gnu99;
				GCC_DYNAMIC_NO_PIC = NO;
				GCC_NO_COMMON_BLOCKS = YES;
				GCC_OPTIMIZATION_LEVEL = 0;
				GCC_PREPROCESSOR_DEFINITIONS = (
					"DEBUG=1",
					"$(inherited)",
				);
				GCC_WARN_64_TO_32_BIT_CONVERSION = YES;
				GCC_WARN_ABOUT_RETURN_TYPE = YES_ERROR;
				GCC_WARN_UNDECLARED_SELECTOR = YES;
				GCC_WARN_UNINITIALIZED_AUTOS = YES_AGGRESSIVE;
				GCC_WARN_UNUSED_FUNCTION = YES;
				GCC_WARN_UNUSED_VARIABLE = YES;
				IPHONEOS_DEPLOYMENT_TARGET = 10.2;
				MTL_ENABLE_DEBUG_INFO = YES;
				ONLY_ACTIVE_ARCH = YES;
				SDKROOT = iphoneos;
				SWIFT_ACTIVE_COMPILATION_CONDITIONS = DEBUG;
				SWIFT_OPTIMIZATION_LEVEL = "-Onone";
			};
			name = Debug;
		};
		04C968A81E59AAEF0071F774 /* Release */ = {
			isa = XCBuildConfiguration;
			buildSettings = {
				ALWAYS_SEARCH_USER_PATHS = NO;
				CLANG_ANALYZER_NONNULL = YES;
				CLANG_CXX_LANGUAGE_STANDARD = "gnu++0x";
				CLANG_CXX_LIBRARY = "libc++";
				CLANG_ENABLE_MODULES = YES;
				CLANG_ENABLE_OBJC_ARC = YES;
				CLANG_WARN_BOOL_CONVERSION = YES;
				CLANG_WARN_CONSTANT_CONVERSION = YES;
				CLANG_WARN_DIRECT_OBJC_ISA_USAGE = YES_ERROR;
				CLANG_WARN_DOCUMENTATION_COMMENTS = YES;
				CLANG_WARN_EMPTY_BODY = YES;
				CLANG_WARN_ENUM_CONVERSION = YES;
				CLANG_WARN_INFINITE_RECURSION = YES;
				CLANG_WARN_INT_CONVERSION = YES;
				CLANG_WARN_OBJC_ROOT_CLASS = YES_ERROR;
				CLANG_WARN_SUSPICIOUS_MOVE = YES;
				CLANG_WARN_UNREACHABLE_CODE = YES;
				CLANG_WARN__DUPLICATE_METHOD_MATCH = YES;
				"CODE_SIGN_IDENTITY[sdk=iphoneos*]" = "iPhone Developer";
				COPY_PHASE_STRIP = NO;
				DEBUG_INFORMATION_FORMAT = "dwarf-with-dsym";
				ENABLE_NS_ASSERTIONS = NO;
				ENABLE_STRICT_OBJC_MSGSEND = YES;
				GCC_C_LANGUAGE_STANDARD = gnu99;
				GCC_NO_COMMON_BLOCKS = YES;
				GCC_WARN_64_TO_32_BIT_CONVERSION = YES;
				GCC_WARN_ABOUT_RETURN_TYPE = YES_ERROR;
				GCC_WARN_UNDECLARED_SELECTOR = YES;
				GCC_WARN_UNINITIALIZED_AUTOS = YES_AGGRESSIVE;
				GCC_WARN_UNUSED_FUNCTION = YES;
				GCC_WARN_UNUSED_VARIABLE = YES;
				IPHONEOS_DEPLOYMENT_TARGET = 10.2;
				MTL_ENABLE_DEBUG_INFO = NO;
				SDKROOT = iphoneos;
				SWIFT_OPTIMIZATION_LEVEL = "-Owholemodule";
				VALIDATE_PRODUCT = YES;
			};
			name = Release;
		};
		04C968AA1E59AAEF0071F774 /* Debug */ = {
			isa = XCBuildConfiguration;
			baseConfigurationReference = A7592446119C193AD7D7BF1C /* Pods-SchoolApp.debug.xcconfig */;
			buildSettings = {
				ASSETCATALOG_COMPILER_APPICON_NAME = AppIcon;
				"CODE_SIGN_IDENTITY[sdk=iphoneos*]" = "iPhone Developer";
				DEVELOPMENT_TEAM = 6Q5SR5EC28;
				INFOPLIST_FILE = SchoolApp/Info.plist;
				IPHONEOS_DEPLOYMENT_TARGET = 9.0;
				LD_RUNPATH_SEARCH_PATHS = "$(inherited) @executable_path/Frameworks";
				PRODUCT_BUNDLE_IDENTIFIER = com.aits.SchoolApp;
				PRODUCT_NAME = "$(TARGET_NAME)";
				SWIFT_VERSION = 3.0;
			};
			name = Debug;
		};
		04C968AB1E59AAEF0071F774 /* Release */ = {
			isa = XCBuildConfiguration;
			baseConfigurationReference = 85C37AB12F49347DB12B4662 /* Pods-SchoolApp.release.xcconfig */;
			buildSettings = {
				ASSETCATALOG_COMPILER_APPICON_NAME = AppIcon;
				"CODE_SIGN_IDENTITY[sdk=iphoneos*]" = "iPhone Developer";
				DEVELOPMENT_TEAM = 6Q5SR5EC28;
				INFOPLIST_FILE = SchoolApp/Info.plist;
				IPHONEOS_DEPLOYMENT_TARGET = 9.0;
				LD_RUNPATH_SEARCH_PATHS = "$(inherited) @executable_path/Frameworks";
				PRODUCT_BUNDLE_IDENTIFIER = com.aits.SchoolApp;
				PRODUCT_NAME = "$(TARGET_NAME)";
				SWIFT_VERSION = 3.0;
			};
			name = Release;
		};
/* End XCBuildConfiguration section */

/* Begin XCConfigurationList section */
		04C968921E59AAEF0071F774 /* Build configuration list for PBXProject "SchoolApp" */ = {
			isa = XCConfigurationList;
			buildConfigurations = (
				04C968A71E59AAEF0071F774 /* Debug */,
				04C968A81E59AAEF0071F774 /* Release */,
			);
			defaultConfigurationIsVisible = 0;
			defaultConfigurationName = Release;
		};
		04C968A91E59AAEF0071F774 /* Build configuration list for PBXNativeTarget "SchoolApp" */ = {
			isa = XCConfigurationList;
			buildConfigurations = (
				04C968AA1E59AAEF0071F774 /* Debug */,
				04C968AB1E59AAEF0071F774 /* Release */,
			);
			defaultConfigurationIsVisible = 0;
			defaultConfigurationName = Release;
		};
/* End XCConfigurationList section */
	};
	rootObject = 04C9688F1E59AAEF0071F774 /* Project object */;
}
